
Microsoft Visual Studio Solution File, Format Version 12.00
# Visual Studio Version 17
VisualStudioVersion = 17.5.33530.505
MinimumVisualStudioVersion = 10.0.40219.1
Project("{FAE04EC0-301F-11D3-BF4B-00C04F79EFBC}") = "doujin_manager", "doujin_manager\doujin_manager.csproj", "{E57E6B01-689F-4CD5-9B33-5FAC18943C88}"
EndProject
Global
	GlobalSection(SolutionConfigurationPlatforms) = preSolution
		Debug|Any CPU = Debug|Any CPU
		Release|Any CPU = Release|Any CPU
	EndGlobalSection
	GlobalSection(ProjectConfigurationPlatforms) = postSolution
		{E57E6B01-689F-4CD5-9B33-5FAC18943C88}.Debug|Any CPU.ActiveCfg = Debug|Any CPU
		{E57E6B01-689F-4CD5-9B33-5FAC18943C88}.Debug|Any CPU.Build.0 = Debug|Any CPU
		{E57E6B01-689F-4CD5-9B33-5FAC18943C88}.Release|Any CPU.ActiveCfg = Release|Any CPU
		{E57E6B01-689F-4CD5-9B33-5FAC18943C88}.Release|Any CPU.Build.0 = Release|Any CPU
	EndGlobalSection
	GlobalSection(SolutionProperties) = preSolution
		HideSolutionNode = FALSE
	EndGlobalSection
	GlobalSection(ExtensibilityGlobals) = postSolution
		SolutionGuid = {B01B2723-5A50-4B70-B0A1-5195DC40E81E}
	EndGlobalSection
EndGlobal
